// !$*UTF8*$!
{
	archiveVersion = 1;
	classes = {
	};
	objectVersion = 46;
	objects = {

/* Begin PBXBuildFile section */
		18C95A00134849098895DB87 /* libPods-Safy.a in Frameworks */ = {isa = PBXBuildFile; fileRef = 039C51E9FFDD40B68A2AFBB4 /* libPods-Safy.a */; };
		3F4FBFE219F1ACBB002F7ED1 /* Pods-Safy-acknowledgements.plist in Resources */ = {isa = PBXBuildFile; fileRef = 3F4FBFE119F1ACBB002F7ED1 /* Pods-Safy-acknowledgements.plist */; };
		A01F4D5D197A822C00B1FC38 /* SAFPickTableViewController.m in Sources */ = {isa = PBXBuildFile; fileRef = A01F4D5C197A822C00B1FC38 /* SAFPickTableViewController.m */; };
		A01F4D60197A8C6200B1FC38 /* SAFCreateSafyForm.m in Sources */ = {isa = PBXBuildFile; fileRef = A01F4D5F197A8C6200B1FC38 /* SAFCreateSafyForm.m */; };
		A01F4D63197A8D5400B1FC38 /* SAFCreateSafyFormViewController.m in Sources */ = {isa = PBXBuildFile; fileRef = A01F4D62197A8D5400B1FC38 /* SAFCreateSafyFormViewController.m */; };
		A08A1C60197AB62500B372EF /* SAFChartViewController.m in Sources */ = {isa = PBXBuildFile; fileRef = A08A1C5F197AB62500B372EF /* SAFChartViewController.m */; };
		A08A1C63197ABFD100B372EF /* SAFCounterViewController.xib in Resources */ = {isa = PBXBuildFile; fileRef = A08A1C62197ABFD100B372EF /* SAFCounterViewController.xib */; };
		A08A1C65197AC04000B372EF /* SAFChartViewController.xib in Resources */ = {isa = PBXBuildFile; fileRef = A08A1C64197AC04000B372EF /* SAFChartViewController.xib */; };
		A08A1C7A197AC49600B372EF /* _SAFSafy.m in Sources */ = {isa = PBXBuildFile; fileRef = A08A1C71197AC49600B372EF /* _SAFSafy.m */; };
		A08A1C7B197AC49600B372EF /* _SAFTime.m in Sources */ = {isa = PBXBuildFile; fileRef = A08A1C73197AC49600B372EF /* _SAFTime.m */; };
		A08A1C7C197AC49600B372EF /* Model.xcdatamodeld in Sources */ = {isa = PBXBuildFile; fileRef = A08A1C74197AC49600B372EF /* Model.xcdatamodeld */; };
		A08A1C7D197AC49600B372EF /* SAFSafy.m in Sources */ = {isa = PBXBuildFile; fileRef = A08A1C77197AC49600B372EF /* SAFSafy.m */; };
		A08A1C7E197AC49600B372EF /* SAFTime.m in Sources */ = {isa = PBXBuildFile; fileRef = A08A1C79197AC49600B372EF /* SAFTime.m */; };
		A08A1C89197AE81200B372EF /* Social.framework in Frameworks */ = {isa = PBXBuildFile; fileRef = A08A1C88197AE81200B372EF /* Social.framework */; };
		A08A1C8D197AE88C00B372EF /* iLink.m in Sources */ = {isa = PBXBuildFile; fileRef = A08A1C8C197AE88C00B372EF /* iLink.m */; };
		A08A1C8F197AE93500B372EF /* Accounts.framework in Frameworks */ = {isa = PBXBuildFile; fileRef = A08A1C8E197AE93500B372EF /* Accounts.framework */; };
		A08A1C97197AEB0700B372EF /* SAFInfoTableViewController.m in Sources */ = {isa = PBXBuildFile; fileRef = A08A1C96197AEB0700B372EF /* SAFInfoTableViewController.m */; };
		A08A1C99197AEB1800B372EF /* SAFInfoTableViewCell.xib in Resources */ = {isa = PBXBuildFile; fileRef = A08A1C98197AEB1800B372EF /* SAFInfoTableViewCell.xib */; };
		A08A1C9C197AEB6600B372EF /* SAFDeveloperTableViewController.m in Sources */ = {isa = PBXBuildFile; fileRef = A08A1C9B197AEB6600B372EF /* SAFDeveloperTableViewController.m */; };
		A08A1C9E197AEB8C00B372EF /* MessageUI.framework in Frameworks */ = {isa = PBXBuildFile; fileRef = A08A1C9D197AEB8C00B372EF /* MessageUI.framework */; };
		A08A1CA0197AED7B00B372EF /* SAFDeveloperTableViewCell.xib in Resources */ = {isa = PBXBuildFile; fileRef = A08A1C9F197AED7B00B372EF /* SAFDeveloperTableViewCell.xib */; };
		A0967E131951DAB80083CAE1 /* Foundation.framework in Frameworks */ = {isa = PBXBuildFile; fileRef = A0967E121951DAB80083CAE1 /* Foundation.framework */; };
		A0967E151951DAB80083CAE1 /* CoreGraphics.framework in Frameworks */ = {isa = PBXBuildFile; fileRef = A0967E141951DAB80083CAE1 /* CoreGraphics.framework */; };
		A0967E171951DAB80083CAE1 /* UIKit.framework in Frameworks */ = {isa = PBXBuildFile; fileRef = A0967E161951DAB80083CAE1 /* UIKit.framework */; };
		A0967E251951DAB80083CAE1 /* Images.xcassets in Resources */ = {isa = PBXBuildFile; fileRef = A0967E241951DAB80083CAE1 /* Images.xcassets */; };
		A0967E441951DB000083CAE1 /* SAFAppDelegate.m in Sources */ = {isa = PBXBuildFile; fileRef = A0967E431951DB000083CAE1 /* SAFAppDelegate.m */; };
		A0967E4A1951DB060083CAE1 /* main.m in Sources */ = {isa = PBXBuildFile; fileRef = A0967E461951DB060083CAE1 /* main.m */; };
		A0967E4C1951DB6C0083CAE1 /* InfoPlist.strings in Resources */ = {isa = PBXBuildFile; fileRef = A0967E4E1951DB6C0083CAE1 /* InfoPlist.strings */; };
		A0967E5E1951DF150083CAE1 /* SAFCounterViewController.m in Sources */ = {isa = PBXBuildFile; fileRef = A0967E5C1951DF150083CAE1 /* SAFCounterViewController.m */; };
/* End PBXBuildFile section */

/* Begin PBXFileReference section */
		039C51E9FFDD40B68A2AFBB4 /* libPods-Safy.a */ = {isa = PBXFileReference; explicitFileType = archive.ar; includeInIndex = 0; path = "libPods-Safy.a"; sourceTree = BUILT_PRODUCTS_DIR; };
		3F4FBFE119F1ACBB002F7ED1 /* Pods-Safy-acknowledgements.plist */ = {isa = PBXFileReference; fileEncoding = 4; lastKnownFileType = text.plist.xml; name = "Pods-Safy-acknowledgements.plist"; path = "Pods/Target Support Files/Pods-Safy/Pods-Safy-acknowledgements.plist"; sourceTree = SOURCE_ROOT; };
		4CB49FD63C534493097EAFB5 /* Pods-Safy.debug.xcconfig */ = {isa = PBXFileReference; includeInIndex = 1; lastKnownFileType = text.xcconfig; name = "Pods-Safy.debug.xcconfig"; path = "Pods/Target Support Files/Pods-Safy/Pods-Safy.debug.xcconfig"; sourceTree = "<group>"; };
		A01F4D5B197A822C00B1FC38 /* SAFPickTableViewController.h */ = {isa = PBXFileReference; fileEncoding = 4; lastKnownFileType = sourcecode.c.h; name = SAFPickTableViewController.h; path = Controllers/SAFPickTableViewController.h; sourceTree = "<group>"; };
		A01F4D5C197A822C00B1FC38 /* SAFPickTableViewController.m */ = {isa = PBXFileReference; fileEncoding = 4; lastKnownFileType = sourcecode.c.objc; name = SAFPickTableViewController.m; path = Controllers/SAFPickTableViewController.m; sourceTree = "<group>"; };
		A01F4D5E197A8C6200B1FC38 /* SAFCreateSafyForm.h */ = {isa = PBXFileReference; fileEncoding = 4; lastKnownFileType = sourcecode.c.h; name = SAFCreateSafyForm.h; path = Models/SAFCreateSafyForm.h; sourceTree = "<group>"; };
		A01F4D5F197A8C6200B1FC38 /* SAFCreateSafyForm.m */ = {isa = PBXFileReference; fileEncoding = 4; lastKnownFileType = sourcecode.c.objc; name = SAFCreateSafyForm.m; path = Models/SAFCreateSafyForm.m; sourceTree = "<group>"; };
		A01F4D61197A8D5400B1FC38 /* SAFCreateSafyFormViewController.h */ = {isa = PBXFileReference; fileEncoding = 4; lastKnownFileType = sourcecode.c.h; name = SAFCreateSafyFormViewController.h; path = Controllers/SAFCreateSafyFormViewController.h; sourceTree = "<group>"; };
		A01F4D62197A8D5400B1FC38 /* SAFCreateSafyFormViewController.m */ = {isa = PBXFileReference; fileEncoding = 4; lastKnownFileType = sourcecode.c.objc; name = SAFCreateSafyFormViewController.m; path = Controllers/SAFCreateSafyFormViewController.m; sourceTree = "<group>"; };
		A08A1C5E197AB62500B372EF /* SAFChartViewController.h */ = {isa = PBXFileReference; fileEncoding = 4; lastKnownFileType = sourcecode.c.h; name = SAFChartViewController.h; path = Controllers/SAFChartViewController.h; sourceTree = "<group>"; };
		A08A1C5F197AB62500B372EF /* SAFChartViewController.m */ = {isa = PBXFileReference; fileEncoding = 4; lastKnownFileType = sourcecode.c.objc; name = SAFChartViewController.m; path = Controllers/SAFChartViewController.m; sourceTree = "<group>"; };
		A08A1C62197ABFD100B372EF /* SAFCounterViewController.xib */ = {isa = PBXFileReference; fileEncoding = 4; lastKnownFileType = file.xib; name = SAFCounterViewController.xib; path = Views/SAFCounterViewController.xib; sourceTree = "<group>"; };
		A08A1C64197AC04000B372EF /* SAFChartViewController.xib */ = {isa = PBXFileReference; fileEncoding = 4; lastKnownFileType = file.xib; name = SAFChartViewController.xib; path = Views/SAFChartViewController.xib; sourceTree = "<group>"; };
		A08A1C70197AC49600B372EF /* _SAFSafy.h */ = {isa = PBXFileReference; fileEncoding = 4; lastKnownFileType = sourcecode.c.h; name = _SAFSafy.h; path = Models/_SAFSafy.h; sourceTree = "<group>"; };
		A08A1C71197AC49600B372EF /* _SAFSafy.m */ = {isa = PBXFileReference; fileEncoding = 4; lastKnownFileType = sourcecode.c.objc; name = _SAFSafy.m; path = Models/_SAFSafy.m; sourceTree = "<group>"; };
		A08A1C72197AC49600B372EF /* _SAFTime.h */ = {isa = PBXFileReference; fileEncoding = 4; lastKnownFileType = sourcecode.c.h; name = _SAFTime.h; path = Models/_SAFTime.h; sourceTree = "<group>"; };
		A08A1C73197AC49600B372EF /* _SAFTime.m */ = {isa = PBXFileReference; fileEncoding = 4; lastKnownFileType = sourcecode.c.objc; name = _SAFTime.m; path = Models/_SAFTime.m; sourceTree = "<group>"; };
		A08A1C75197AC49600B372EF /* Model.xcdatamodel */ = {isa = PBXFileReference; lastKnownFileType = wrapper.xcdatamodel; path = Model.xcdatamodel; sourceTree = "<group>"; };
		A08A1C76197AC49600B372EF /* SAFSafy.h */ = {isa = PBXFileReference; fileEncoding = 4; lastKnownFileType = sourcecode.c.h; name = SAFSafy.h; path = Models/SAFSafy.h; sourceTree = "<group>"; };
		A08A1C77197AC49600B372EF /* SAFSafy.m */ = {isa = PBXFileReference; fileEncoding = 4; lastKnownFileType = sourcecode.c.objc; name = SAFSafy.m; path = Models/SAFSafy.m; sourceTree = "<group>"; };
		A08A1C78197AC49600B372EF /* SAFTime.h */ = {isa = PBXFileReference; fileEncoding = 4; lastKnownFileType = sourcecode.c.h; name = SAFTime.h; path = Models/SAFTime.h; sourceTree = "<group>"; };
		A08A1C79197AC49600B372EF /* SAFTime.m */ = {isa = PBXFileReference; fileEncoding = 4; lastKnownFileType = sourcecode.c.objc; name = SAFTime.m; path = Models/SAFTime.m; sourceTree = "<group>"; };
		A08A1C88197AE81200B372EF /* Social.framework */ = {isa = PBXFileReference; lastKnownFileType = wrapper.framework; name = Social.framework; path = System/Library/Frameworks/Social.framework; sourceTree = SDKROOT; };
		A08A1C8B197AE88C00B372EF /* iLink.h */ = {isa = PBXFileReference; fileEncoding = 4; lastKnownFileType = sourcecode.c.h; name = iLink.h; path = External/iLink/iLink/iLink.h; sourceTree = SOURCE_ROOT; };
		A08A1C8C197AE88C00B372EF /* iLink.m */ = {isa = PBXFileReference; fileEncoding = 4; lastKnownFileType = sourcecode.c.objc; name = iLink.m; path = External/iLink/iLink/iLink.m; sourceTree = SOURCE_ROOT; };
		A08A1C8E197AE93500B372EF /* Accounts.framework */ = {isa = PBXFileReference; lastKnownFileType = wrapper.framework; name = Accounts.framework; path = System/Library/Frameworks/Accounts.framework; sourceTree = SDKROOT; };
		A08A1C95197AEB0700B372EF /* SAFInfoTableViewController.h */ = {isa = PBXFileReference; fileEncoding = 4; lastKnownFileType = sourcecode.c.h; name = SAFInfoTableViewController.h; path = Controllers/SAFInfoTableViewController.h; sourceTree = "<group>"; };
		A08A1C96197AEB0700B372EF /* SAFInfoTableViewController.m */ = {isa = PBXFileReference; fileEncoding = 4; lastKnownFileType = sourcecode.c.objc; name = SAFInfoTableViewController.m; path = Controllers/SAFInfoTableViewController.m; sourceTree = "<group>"; };
		A08A1C98197AEB1800B372EF /* SAFInfoTableViewCell.xib */ = {isa = PBXFileReference; fileEncoding = 4; lastKnownFileType = file.xib; name = SAFInfoTableViewCell.xib; path = Views/SAFInfoTableViewCell.xib; sourceTree = "<group>"; };
		A08A1C9A197AEB6600B372EF /* SAFDeveloperTableViewController.h */ = {isa = PBXFileReference; fileEncoding = 4; lastKnownFileType = sourcecode.c.h; name = SAFDeveloperTableViewController.h; path = Controllers/SAFDeveloperTableViewController.h; sourceTree = "<group>"; };
		A08A1C9B197AEB6600B372EF /* SAFDeveloperTableViewController.m */ = {isa = PBXFileReference; fileEncoding = 4; lastKnownFileType = sourcecode.c.objc; name = SAFDeveloperTableViewController.m; path = Controllers/SAFDeveloperTableViewController.m; sourceTree = "<group>"; };
		A08A1C9D197AEB8C00B372EF /* MessageUI.framework */ = {isa = PBXFileReference; lastKnownFileType = wrapper.framework; name = MessageUI.framework; path = System/Library/Frameworks/MessageUI.framework; sourceTree = SDKROOT; };
		A08A1C9F197AED7B00B372EF /* SAFDeveloperTableViewCell.xib */ = {isa = PBXFileReference; fileEncoding = 4; lastKnownFileType = file.xib; path = SAFDeveloperTableViewCell.xib; sourceTree = "<group>"; };
		A0967E0F1951DAB80083CAE1 /* Safy.app */ = {isa = PBXFileReference; explicitFileType = wrapper.application; includeInIndex = 0; path = Safy.app; sourceTree = BUILT_PRODUCTS_DIR; };
		A0967E121951DAB80083CAE1 /* Foundation.framework */ = {isa = PBXFileReference; lastKnownFileType = wrapper.framework; name = Foundation.framework; path = System/Library/Frameworks/Foundation.framework; sourceTree = SDKROOT; };
		A0967E141951DAB80083CAE1 /* CoreGraphics.framework */ = {isa = PBXFileReference; lastKnownFileType = wrapper.framework; name = CoreGraphics.framework; path = System/Library/Frameworks/CoreGraphics.framework; sourceTree = SDKROOT; };
		A0967E161951DAB80083CAE1 /* UIKit.framework */ = {isa = PBXFileReference; lastKnownFileType = wrapper.framework; name = UIKit.framework; path = System/Library/Frameworks/UIKit.framework; sourceTree = SDKROOT; };
		A0967E241951DAB80083CAE1 /* Images.xcassets */ = {isa = PBXFileReference; lastKnownFileType = folder.assetcatalog; path = Images.xcassets; sourceTree = "<group>"; };
		A0967E2B1951DAB80083CAE1 /* XCTest.framework */ = {isa = PBXFileReference; lastKnownFileType = wrapper.framework; name = XCTest.framework; path = Library/Frameworks/XCTest.framework; sourceTree = DEVELOPER_DIR; };
		A0967E421951DB000083CAE1 /* SAFAppDelegate.h */ = {isa = PBXFileReference; fileEncoding = 4; lastKnownFileType = sourcecode.c.h; name = SAFAppDelegate.h; path = Application/SAFAppDelegate.h; sourceTree = "<group>"; };
		A0967E431951DB000083CAE1 /* SAFAppDelegate.m */ = {isa = PBXFileReference; fileEncoding = 4; lastKnownFileType = sourcecode.c.objc; name = SAFAppDelegate.m; path = Application/SAFAppDelegate.m; sourceTree = "<group>"; };
		A0967E461951DB060083CAE1 /* main.m */ = {isa = PBXFileReference; fileEncoding = 4; lastKnownFileType = sourcecode.c.objc; name = main.m; path = Supporting/main.m; sourceTree = "<group>"; };
		A0967E471951DB060083CAE1 /* Safy-Info.plist */ = {isa = PBXFileReference; fileEncoding = 4; lastKnownFileType = text.plist.xml; name = "Safy-Info.plist"; path = "Supporting/Safy-Info.plist"; sourceTree = "<group>"; };
		A0967E481951DB060083CAE1 /* Safy-Prefix.pch */ = {isa = PBXFileReference; fileEncoding = 4; lastKnownFileType = sourcecode.c.h; name = "Safy-Prefix.pch"; path = "Supporting/Safy-Prefix.pch"; sourceTree = "<group>"; };
		A0967E4D1951DB6C0083CAE1 /* en */ = {isa = PBXFileReference; lastKnownFileType = text.plist.strings; name = en; path = en.lproj/InfoPlist.strings; sourceTree = "<group>"; };
		A0967E5B1951DF150083CAE1 /* SAFCounterViewController.h */ = {isa = PBXFileReference; fileEncoding = 4; lastKnownFileType = sourcecode.c.h; name = SAFCounterViewController.h; path = Controllers/SAFCounterViewController.h; sourceTree = "<group>"; };
		A0967E5C1951DF150083CAE1 /* SAFCounterViewController.m */ = {isa = PBXFileReference; fileEncoding = 4; lastKnownFileType = sourcecode.c.objc; name = SAFCounterViewController.m; path = Controllers/SAFCounterViewController.m; sourceTree = "<group>"; };
		EDB91857CA5484067A27260B /* Pods-Safy.release.xcconfig */ = {isa = PBXFileReference; includeInIndex = 1; lastKnownFileType = text.xcconfig; name = "Pods-Safy.release.xcconfig"; path = "Pods/Target Support Files/Pods-Safy/Pods-Safy.release.xcconfig"; sourceTree = "<group>"; };
/* End PBXFileReference section */

/* Begin PBXFrameworksBuildPhase section */
		A0967E0C1951DAB80083CAE1 /* Frameworks */ = {
			isa = PBXFrameworksBuildPhase;
			buildActionMask = 2147483647;
			files = (
				A08A1C9E197AEB8C00B372EF /* MessageUI.framework in Frameworks */,
				A08A1C8F197AE93500B372EF /* Accounts.framework in Frameworks */,
				A08A1C89197AE81200B372EF /* Social.framework in Frameworks */,
				A0967E151951DAB80083CAE1 /* CoreGraphics.framework in Frameworks */,
				A0967E171951DAB80083CAE1 /* UIKit.framework in Frameworks */,
				A0967E131951DAB80083CAE1 /* Foundation.framework in Frameworks */,
				18C95A00134849098895DB87 /* libPods-Safy.a in Frameworks */,
			);
			runOnlyForDeploymentPostprocessing = 0;
		};
/* End PBXFrameworksBuildPhase section */

/* Begin PBXGroup section */
		4FA68493DE59DF70B87F33B5 /* Pods */ = {
			isa = PBXGroup;
			children = (
				4CB49FD63C534493097EAFB5 /* Pods-Safy.debug.xcconfig */,
				EDB91857CA5484067A27260B /* Pods-Safy.release.xcconfig */,
			);
			name = Pods;
			sourceTree = "<group>";
		};
		A08A1C61197ABFAF00B372EF /* Views */ = {
			isa = PBXGroup;
			children = (
				A08A1C62197ABFD100B372EF /* SAFCounterViewController.xib */,
				A08A1C64197AC04000B372EF /* SAFChartViewController.xib */,
				A08A1C98197AEB1800B372EF /* SAFInfoTableViewCell.xib */,
				A08A1C9F197AED7B00B372EF /* SAFDeveloperTableViewCell.xib */,
			);
			name = Views;
			sourceTree = "<group>";
		};
		A08A1C8A197AE87C00B372EF /* External */ = {
			isa = PBXGroup;
			children = (
				A08A1C8B197AE88C00B372EF /* iLink.h */,
				A08A1C8C197AE88C00B372EF /* iLink.m */,
			);
			name = External;
			sourceTree = "<group>";
		};
		A0967E061951DAB80083CAE1 = {
			isa = PBXGroup;
			children = (
				A0967E181951DAB80083CAE1 /* Safy */,
				A0967E111951DAB80083CAE1 /* Frameworks */,
				A0967E101951DAB80083CAE1 /* Products */,
				4FA68493DE59DF70B87F33B5 /* Pods */,
			);
			sourceTree = "<group>";
		};
		A0967E101951DAB80083CAE1 /* Products */ = {
			isa = PBXGroup;
			children = (
				A0967E0F1951DAB80083CAE1 /* Safy.app */,
			);
			name = Products;
			sourceTree = "<group>";
		};
		A0967E111951DAB80083CAE1 /* Frameworks */ = {
			isa = PBXGroup;
			children = (
				A08A1C9D197AEB8C00B372EF /* MessageUI.framework */,
				A08A1C8E197AE93500B372EF /* Accounts.framework */,
				A08A1C88197AE81200B372EF /* Social.framework */,
				A0967E121951DAB80083CAE1 /* Foundation.framework */,
				A0967E141951DAB80083CAE1 /* CoreGraphics.framework */,
				A0967E161951DAB80083CAE1 /* UIKit.framework */,
				A0967E2B1951DAB80083CAE1 /* XCTest.framework */,
				039C51E9FFDD40B68A2AFBB4 /* libPods-Safy.a */,
			);
			name = Frameworks;
			sourceTree = "<group>";
		};
		A0967E181951DAB80083CAE1 /* Safy */ = {
			isa = PBXGroup;
			children = (
				A0967E411951DABF0083CAE1 /* Application */,
				A0967E521951DE7C0083CAE1 /* Controllers */,
				A08A1C8A197AE87C00B372EF /* External */,
				A0967E241951DAB80083CAE1 /* Images.xcassets */,
				A0967E621951DF950083CAE1 /* Models */,
				A0967E191951DAB80083CAE1 /* Supporting */,
				A08A1C61197ABFAF00B372EF /* Views */,
			);
			path = Safy;
			sourceTree = "<group>";
		};
		A0967E191951DAB80083CAE1 /* Supporting */ = {
			isa = PBXGroup;
			children = (
				3F4FBFE119F1ACBB002F7ED1 /* Pods-Safy-acknowledgements.plist */,
				A0967E4E1951DB6C0083CAE1 /* InfoPlist.strings */,
				A0967E461951DB060083CAE1 /* main.m */,
				A0967E471951DB060083CAE1 /* Safy-Info.plist */,
				A0967E481951DB060083CAE1 /* Safy-Prefix.pch */,
			);
			name = Supporting;
			sourceTree = "<group>";
		};
		A0967E411951DABF0083CAE1 /* Application */ = {
			isa = PBXGroup;
			children = (
				A0967E421951DB000083CAE1 /* SAFAppDelegate.h */,
				A0967E431951DB000083CAE1 /* SAFAppDelegate.m */,
			);
			name = Application;
			sourceTree = "<group>";
		};
		A0967E521951DE7C0083CAE1 /* Controllers */ = {
			isa = PBXGroup;
			children = (
				A0967E5B1951DF150083CAE1 /* SAFCounterViewController.h */,
				A0967E5C1951DF150083CAE1 /* SAFCounterViewController.m */,
				A01F4D5B197A822C00B1FC38 /* SAFPickTableViewController.h */,
				A01F4D5C197A822C00B1FC38 /* SAFPickTableViewController.m */,
				A01F4D61197A8D5400B1FC38 /* SAFCreateSafyFormViewController.h */,
				A01F4D62197A8D5400B1FC38 /* SAFCreateSafyFormViewController.m */,
				A08A1C5E197AB62500B372EF /* SAFChartViewController.h */,
				A08A1C5F197AB62500B372EF /* SAFChartViewController.m */,
				A08A1C95197AEB0700B372EF /* SAFInfoTableViewController.h */,
				A08A1C96197AEB0700B372EF /* SAFInfoTableViewController.m */,
				A08A1C9A197AEB6600B372EF /* SAFDeveloperTableViewController.h */,
				A08A1C9B197AEB6600B372EF /* SAFDeveloperTableViewController.m */,
			);
			name = Controllers;
			sourceTree = "<group>";
		};
		A0967E621951DF950083CAE1 /* Models */ = {
			isa = PBXGroup;
			children = (
				A08A1C74197AC49600B372EF /* Model.xcdatamodeld */,
				A08A1C70197AC49600B372EF /* _SAFSafy.h */,
				A08A1C71197AC49600B372EF /* _SAFSafy.m */,
				A08A1C72197AC49600B372EF /* _SAFTime.h */,
				A08A1C73197AC49600B372EF /* _SAFTime.m */,
				A08A1C76197AC49600B372EF /* SAFSafy.h */,
				A08A1C77197AC49600B372EF /* SAFSafy.m */,
				A08A1C78197AC49600B372EF /* SAFTime.h */,
				A08A1C79197AC49600B372EF /* SAFTime.m */,
				A01F4D5E197A8C6200B1FC38 /* SAFCreateSafyForm.h */,
				A01F4D5F197A8C6200B1FC38 /* SAFCreateSafyForm.m */,
			);
			name = Models;
			sourceTree = "<group>";
		};
/* End PBXGroup section */

/* Begin PBXNativeTarget section */
		A0967E0E1951DAB80083CAE1 /* Safy */ = {
			isa = PBXNativeTarget;
			buildConfigurationList = A0967E3B1951DAB80083CAE1 /* Build configuration list for PBXNativeTarget "Safy" */;
			buildPhases = (
				B8DC1456F4614FA1B68DAF9B /* Check Pods Manifest.lock */,
				A0967E0B1951DAB80083CAE1 /* Sources */,
				A0967E0C1951DAB80083CAE1 /* Frameworks */,
				A0967E0D1951DAB80083CAE1 /* Resources */,
				8757D17546444AC598343556 /* Copy Pods Resources */,
			);
			buildRules = (
			);
			dependencies = (
			);
			name = Safy;
			productName = Safy;
			productReference = A0967E0F1951DAB80083CAE1 /* Safy.app */;
			productType = "com.apple.product-type.application";
		};
/* End PBXNativeTarget section */

/* Begin PBXProject section */
		A0967E071951DAB80083CAE1 /* Project object */ = {
			isa = PBXProject;
			attributes = {
				CLASSPREFIX = SAF;
				LastUpgradeCheck = 0510;
				ORGANIZATIONNAME = "Renzo Crisóstomo";
			};
			buildConfigurationList = A0967E0A1951DAB80083CAE1 /* Build configuration list for PBXProject "Safy" */;
			compatibilityVersion = "Xcode 3.2";
			developmentRegion = English;
			hasScannedForEncodings = 0;
			knownRegions = (
				en,
			);
			mainGroup = A0967E061951DAB80083CAE1;
			productRefGroup = A0967E101951DAB80083CAE1 /* Products */;
			projectDirPath = "";
			projectRoot = "";
			targets = (
				A0967E0E1951DAB80083CAE1 /* Safy */,
			);
		};
/* End PBXProject section */

/* Begin PBXResourcesBuildPhase section */
		A0967E0D1951DAB80083CAE1 /* Resources */ = {
			isa = PBXResourcesBuildPhase;
			buildActionMask = 2147483647;
			files = (
				A08A1C99197AEB1800B372EF /* SAFInfoTableViewCell.xib in Resources */,
				A0967E251951DAB80083CAE1 /* Images.xcassets in Resources */,
				A08A1C63197ABFD100B372EF /* SAFCounterViewController.xib in Resources */,
				A08A1CA0197AED7B00B372EF /* SAFDeveloperTableViewCell.xib in Resources */,
				3F4FBFE219F1ACBB002F7ED1 /* Pods-Safy-acknowledgements.plist in Resources */,
				A08A1C65197AC04000B372EF /* SAFChartViewController.xib in Resources */,
				A0967E4C1951DB6C0083CAE1 /* InfoPlist.strings in Resources */,
			);
			runOnlyForDeploymentPostprocessing = 0;
		};
/* End PBXResourcesBuildPhase section */

/* Begin PBXShellScriptBuildPhase section */
		8757D17546444AC598343556 /* Copy Pods Resources */ = {
			isa = PBXShellScriptBuildPhase;
			buildActionMask = 2147483647;
			files = (
			);
			inputPaths = (
			);
			name = "Copy Pods Resources";
			outputPaths = (
			);
			runOnlyForDeploymentPostprocessing = 0;
			shellPath = /bin/sh;
			shellScript = "\"${SRCROOT}/Pods/Target Support Files/Pods-Safy/Pods-Safy-resources.sh\"\n";
			showEnvVarsInLog = 0;
		};
		B8DC1456F4614FA1B68DAF9B /* Check Pods Manifest.lock */ = {
			isa = PBXShellScriptBuildPhase;
			buildActionMask = 2147483647;
			files = (
			);
			inputPaths = (
			);
			name = "Check Pods Manifest.lock";
			outputPaths = (
			);
			runOnlyForDeploymentPostprocessing = 0;
			shellPath = /bin/sh;
			shellScript = "diff \"${PODS_ROOT}/../Podfile.lock\" \"${PODS_ROOT}/Manifest.lock\" > /dev/null\nif [[ $? != 0 ]] ; then\n    cat << EOM\nerror: The sandbox is not in sync with the Podfile.lock. Run 'pod install' or update your CocoaPods installation.\nEOM\n    exit 1\nfi\n";
			showEnvVarsInLog = 0;
		};
/* End PBXShellScriptBuildPhase section */

/* Begin PBXSourcesBuildPhase section */
		A0967E0B1951DAB80083CAE1 /* Sources */ = {
			isa = PBXSourcesBuildPhase;
			buildActionMask = 2147483647;
			files = (
				A01F4D60197A8C6200B1FC38 /* SAFCreateSafyForm.m in Sources */,
				A08A1C97197AEB0700B372EF /* SAFInfoTableViewController.m in Sources */,
				A08A1C7E197AC49600B372EF /* SAFTime.m in Sources */,
				A08A1C7A197AC49600B372EF /* _SAFSafy.m in Sources */,
				A0967E4A1951DB060083CAE1 /* main.m in Sources */,
				A08A1C7D197AC49600B372EF /* SAFSafy.m in Sources */,
				A08A1C60197AB62500B372EF /* SAFChartViewController.m in Sources */,
				A0967E441951DB000083CAE1 /* SAFAppDelegate.m in Sources */,
				A01F4D63197A8D5400B1FC38 /* SAFCreateSafyFormViewController.m in Sources */,
				A08A1C9C197AEB6600B372EF /* SAFDeveloperTableViewController.m in Sources */,
				A08A1C7B197AC49600B372EF /* _SAFTime.m in Sources */,
				A08A1C8D197AE88C00B372EF /* iLink.m in Sources */,
				A08A1C7C197AC49600B372EF /* Model.xcdatamodeld in Sources */,
				A01F4D5D197A822C00B1FC38 /* SAFPickTableViewController.m in Sources */,
				A0967E5E1951DF150083CAE1 /* SAFCounterViewController.m in Sources */,
			);
			runOnlyForDeploymentPostprocessing = 0;
		};
/* End PBXSourcesBuildPhase section */

/* Begin PBXVariantGroup section */
		A0967E4E1951DB6C0083CAE1 /* InfoPlist.strings */ = {
			isa = PBXVariantGroup;
			children = (
				A0967E4D1951DB6C0083CAE1 /* en */,
			);
			name = InfoPlist.strings;
			path = Supporting;
			sourceTree = "<group>";
		};
/* End PBXVariantGroup section */

/* Begin XCBuildConfiguration section */
		A0967E391951DAB80083CAE1 /* Debug */ = {
			isa = XCBuildConfiguration;
			buildSettings = {
				ALWAYS_SEARCH_USER_PATHS = NO;
				CLANG_CXX_LANGUAGE_STANDARD = "gnu++0x";
				CLANG_CXX_LIBRARY = "libc++";
				CLANG_ENABLE_MODULES = YES;
				CLANG_ENABLE_OBJC_ARC = YES;
				CLANG_WARN_BOOL_CONVERSION = YES;
				CLANG_WARN_CONSTANT_CONVERSION = YES;
				CLANG_WARN_DIRECT_OBJC_ISA_USAGE = YES_ERROR;
				CLANG_WARN_EMPTY_BODY = YES;
				CLANG_WARN_ENUM_CONVERSION = YES;
				CLANG_WARN_INT_CONVERSION = YES;
				CLANG_WARN_OBJC_ROOT_CLASS = YES_ERROR;
				CLANG_WARN__DUPLICATE_METHOD_MATCH = YES;
				"CODE_SIGN_IDENTITY[sdk=iphoneos*]" = "iPhone Developer";
				COPY_PHASE_STRIP = NO;
				GCC_C_LANGUAGE_STANDARD = gnu99;
				GCC_DYNAMIC_NO_PIC = NO;
				GCC_OPTIMIZATION_LEVEL = 0;
				GCC_PREPROCESSOR_DEFINITIONS = (
					"DEBUG=1",
					"$(inherited)",
				);
				GCC_SYMBOLS_PRIVATE_EXTERN = NO;
				GCC_WARN_64_TO_32_BIT_CONVERSION = YES;
				GCC_WARN_ABOUT_RETURN_TYPE = YES_ERROR;
				GCC_WARN_UNDECLARED_SELECTOR = YES;
				GCC_WARN_UNINITIALIZED_AUTOS = YES_AGGRESSIVE;
				GCC_WARN_UNUSED_FUNCTION = YES;
				GCC_WARN_UNUSED_VARIABLE = YES;
				IPHONEOS_DEPLOYMENT_TARGET = 7.0;
				ONLY_ACTIVE_ARCH = YES;
				SDKROOT = iphoneos;
				TARGETED_DEVICE_FAMILY = 2;
			};
			name = Debug;
		};
		A0967E3A1951DAB80083CAE1 /* Release */ = {
			isa = XCBuildConfiguration;
			buildSettings = {
				ALWAYS_SEARCH_USER_PATHS = NO;
				CLANG_CXX_LANGUAGE_STANDARD = "gnu++0x";
				CLANG_CXX_LIBRARY = "libc++";
				CLANG_ENABLE_MODULES = YES;
				CLANG_ENABLE_OBJC_ARC = YES;
				CLANG_WARN_BOOL_CONVERSION = YES;
				CLANG_WARN_CONSTANT_CONVERSION = YES;
				CLANG_WARN_DIRECT_OBJC_ISA_USAGE = YES_ERROR;
				CLANG_WARN_EMPTY_BODY = YES;
				CLANG_WARN_ENUM_CONVERSION = YES;
				CLANG_WARN_INT_CONVERSION = YES;
				CLANG_WARN_OBJC_ROOT_CLASS = YES_ERROR;
				CLANG_WARN__DUPLICATE_METHOD_MATCH = YES;
				"CODE_SIGN_IDENTITY[sdk=iphoneos*]" = "iPhone Developer";
				COPY_PHASE_STRIP = YES;
				ENABLE_NS_ASSERTIONS = NO;
				GCC_C_LANGUAGE_STANDARD = gnu99;
				GCC_WARN_64_TO_32_BIT_CONVERSION = YES;
				GCC_WARN_ABOUT_RETURN_TYPE = YES_ERROR;
				GCC_WARN_UNDECLARED_SELECTOR = YES;
				GCC_WARN_UNINITIALIZED_AUTOS = YES_AGGRESSIVE;
				GCC_WARN_UNUSED_FUNCTION = YES;
				GCC_WARN_UNUSED_VARIABLE = YES;
				IPHONEOS_DEPLOYMENT_TARGET = 7.0;
				SDKROOT = iphoneos;
				TARGETED_DEVICE_FAMILY = 2;
				VALIDATE_PRODUCT = YES;
			};
			name = Release;
		};
		A0967E3C1951DAB80083CAE1 /* Debug */ = {
			isa = XCBuildConfiguration;
			baseConfigurationReference = 4CB49FD63C534493097EAFB5 /* Pods-Safy.debug.xcconfig */;
			buildSettings = {
				ASSETCATALOG_COMPILER_APPICON_NAME = AppIcon;
				ASSETCATALOG_COMPILER_LAUNCHIMAGE_NAME = LaunchImage;
				GCC_PRECOMPILE_PREFIX_HEADER = YES;
				GCC_PREFIX_HEADER = "Safy/Supporting/Safy-Prefix.pch";
				INFOPLIST_FILE = "Safy/Supporting/Safy-Info.plist";
				PRODUCT_NAME = "$(TARGET_NAME)";
				PROVISIONING_PROFILE = "7A274BEB-5222-4A93-A6D4-4877349BC483";
				WRAPPER_EXTENSION = app;
			};
			name = Debug;
		};
		A0967E3D1951DAB80083CAE1 /* Release */ = {
			isa = XCBuildConfiguration;
			baseConfigurationReference = EDB91857CA5484067A27260B /* Pods-Safy.release.xcconfig */;
			buildSettings = {
				ASSETCATALOG_COMPILER_APPICON_NAME = AppIcon;
				ASSETCATALOG_COMPILER_LAUNCHIMAGE_NAME = LaunchImage;
				GCC_PRECOMPILE_PREFIX_HEADER = YES;
				GCC_PREFIX_HEADER = "Safy/Supporting/Safy-Prefix.pch";
				INFOPLIST_FILE = "Safy/Supporting/Safy-Info.plist";
				PRODUCT_NAME = "$(TARGET_NAME)";
				PROVISIONING_PROFILE = "5E20FAEB-1191-46AC-8BB2-6F1E63C84D0C";
				WRAPPER_EXTENSION = app;
			};
			name = Release;
		};
/* End XCBuildConfiguration section */

/* Begin XCConfigurationList section */
		A0967E0A1951DAB80083CAE1 /* Build configuration list for PBXProject "Safy" */ = {
			isa = XCConfigurationList;
			buildConfigurations = (
				A0967E391951DAB80083CAE1 /* Debug */,
				A0967E3A1951DAB80083CAE1 /* Release */,
			);
			defaultConfigurationIsVisible = 0;
			defaultConfigurationName = Release;
		};
		A0967E3B1951DAB80083CAE1 /* Build configuration list for PBXNativeTarget "Safy" */ = {
			isa = XCConfigurationList;
			buildConfigurations = (
				A0967E3C1951DAB80083CAE1 /* Debug */,
				A0967E3D1951DAB80083CAE1 /* Release */,
			);
			defaultConfigurationIsVisible = 0;
			defaultConfigurationName = Release;
		};
/* End XCConfigurationList section */

/* Begin XCVersionGroup section */
		A08A1C74197AC49600B372EF /* Model.xcdatamodeld */ = {
			isa = XCVersionGroup;
			children = (
				A08A1C75197AC49600B372EF /* Model.xcdatamodel */,
			);
			currentVersion = A08A1C75197AC49600B372EF /* Model.xcdatamodel */;
			name = Model.xcdatamodeld;
			path = Models/Model.xcdatamodeld;
			sourceTree = "<group>";
			versionGroupType = wrapper.xcdatamodel;
		};
/* End XCVersionGroup section */
	};
	rootObject = A0967E071951DAB80083CAE1 /* Project object */;
}
